{
  "name": "themes",
  "lockfileVersion": 3,
  "requires": true,
  "packages": {
    "": {
      "dependencies": {
        "@vivliostyle/theme-gutenberg": "^0.1.1"
      }
    },
    "node_modules/@vivliostyle/theme-gutenberg": {
      "version": "0.1.1",
      "resolved": "https://registry.npmjs.org/@vivliostyle/theme-gutenberg/-/theme-gutenberg-0.1.1.tgz",
      "integrity": "sha512-4pQPJPSqIxK0CQkeOb9DcxQuzRY7FniY3vSOcSN0W8ya6xg8bqjET5bj5OgZQOn7vDPhHo5YfGt+E0EsX++HSQ=="
    }
  }
}
